
Microsoft Visual Studio Solution File, Format Version 12.00
# Visual Studio Version 17
VisualStudioVersion = 17.1.32328.378
MinimumVisualStudioVersion = 10.0.40219.1
Project("{9A19103F-16F7-4668-BE54-9A1E7A4F7556}") = "PublishingHouse_Entities", "PublishingHouse_Entities\PublishingHouse_Entities.csproj", "{0E6EA7CF-B8C0-4856-BA9B-B2C57B4DA047}"
EndProject
Project("{9A19103F-16F7-4668-BE54-9A1E7A4F7556}") = "PublishingHouse_DataAccess", "PublishingHouse_DataAccess\PublishingHouse_DataAccess.csproj", "{5EA66D5F-8E48-44E0-BD8D-503E08AC51C4}"
EndProject
Project("{9A19103F-16F7-4668-BE54-9A1E7A4F7556}") = "PublishingHouse_DataTransferObjects", "PublishingHouse_DataTransferObjects\PublishingHouse_DataTransferObjects.csproj", "{69EADEA4-9E73-480F-B0F7-22408BD138D1}"
EndProject
Project("{FAE04EC0-301F-11D3-BF4B-00C04F79EFBC}") = "PublishingHouse_Business", "PublishingHouse_Business\PublishingHouse_Business.csproj", "{B253785F-7EB0-4569-8571-E37C248015E3}"
EndProject
Project("{FAE04EC0-301F-11D3-BF4B-00C04F79EFBC}") = "PublishingHouse_API", "PublishingHouse_API\PublishingHouse_API.csproj", "{51C22807-155B-4F2F-AE4A-A71B45117A52}"
EndProject
Global
	GlobalSection(SolutionConfigurationPlatforms) = preSolution
		Debug|Any CPU = Debug|Any CPU
		Release|Any CPU = Release|Any CPU
	EndGlobalSection
	GlobalSection(ProjectConfigurationPlatforms) = postSolution
		{0E6EA7CF-B8C0-4856-BA9B-B2C57B4DA047}.Debug|Any CPU.ActiveCfg = Debug|Any CPU
		{0E6EA7CF-B8C0-4856-BA9B-B2C57B4DA047}.Debug|Any CPU.Build.0 = Debug|Any CPU
		{0E6EA7CF-B8C0-4856-BA9B-B2C57B4DA047}.Release|Any CPU.ActiveCfg = Release|Any CPU
		{0E6EA7CF-B8C0-4856-BA9B-B2C57B4DA047}.Release|Any CPU.Build.0 = Release|Any CPU
		{5EA66D5F-8E48-44E0-BD8D-503E08AC51C4}.Debug|Any CPU.ActiveCfg = Debug|Any CPU
		{5EA66D5F-8E48-44E0-BD8D-503E08AC51C4}.Debug|Any CPU.Build.0 = Debug|Any CPU
		{5EA66D5F-8E48-44E0-BD8D-503E08AC51C4}.Release|Any CPU.ActiveCfg = Release|Any CPU
		{5EA66D5F-8E48-44E0-BD8D-503E08AC51C4}.Release|Any CPU.Build.0 = Release|Any CPU
		{69EADEA4-9E73-480F-B0F7-22408BD138D1}.Debug|Any CPU.ActiveCfg = Debug|Any CPU
		{69EADEA4-9E73-480F-B0F7-22408BD138D1}.Debug|Any CPU.Build.0 = Debug|Any CPU
		{69EADEA4-9E73-480F-B0F7-22408BD138D1}.Release|Any CPU.ActiveCfg = Release|Any CPU
		{69EADEA4-9E73-480F-B0F7-22408BD138D1}.Release|Any CPU.Build.0 = Release|Any CPU
		{B253785F-7EB0-4569-8571-E37C248015E3}.Debug|Any CPU.ActiveCfg = Debug|Any CPU
		{B253785F-7EB0-4569-8571-E37C248015E3}.Debug|Any CPU.Build.0 = Debug|Any CPU
		{B253785F-7EB0-4569-8571-E37C248015E3}.Release|Any CPU.ActiveCfg = Release|Any CPU
		{B253785F-7EB0-4569-8571-E37C248015E3}.Release|Any CPU.Build.0 = Release|Any CPU
		{51C22807-155B-4F2F-AE4A-A71B45117A52}.Debug|Any CPU.ActiveCfg = Debug|Any CPU
		{51C22807-155B-4F2F-AE4A-A71B45117A52}.Debug|Any CPU.Build.0 = Debug|Any CPU
		{51C22807-155B-4F2F-AE4A-A71B45117A52}.Release|Any CPU.ActiveCfg = Release|Any CPU
		{51C22807-155B-4F2F-AE4A-A71B45117A52}.Release|Any CPU.Build.0 = Release|Any CPU
	EndGlobalSection
	GlobalSection(SolutionProperties) = preSolution
		HideSolutionNode = FALSE
	EndGlobalSection
	GlobalSection(ExtensibilityGlobals) = postSolution
		SolutionGuid = {4B5A7560-1808-4E18-99E4-A6650109D500}
	EndGlobalSection
EndGlobal
